
Microsoft Visual Studio Solution File, Format Version 12.00
# Visual Studio Version 17
VisualStudioVersion = 17.3.32901.215
MinimumVisualStudioVersion = 10.0.40219.1
Project("{FAE04EC0-301F-11D3-BF4B-00C04F79EFBC}") = "Sandbox.Topology", "Sandbox Topology\Sandbox.Topology.csproj", "{094ABE50-4FB5-4CCF-801D-2FAB800B0DA8}"
EndProject
Global
	GlobalSection(SolutionConfigurationPlatforms) = preSolution
		Debug|Any CPU = Debug|Any CPU
		Release|Any CPU = Release|Any CPU
	EndGlobalSection
	GlobalSection(ProjectConfigurationPlatforms) = postSolution
		{094ABE50-4FB5-4CCF-801D-2FAB800B0DA8}.Debug|Any CPU.ActiveCfg = Debug|Any CPU
		{094ABE50-4FB5-4CCF-801D-2FAB800B0DA8}.Debug|Any CPU.Build.0 = Debug|Any CPU
		{094ABE50-4FB5-4CCF-801D-2FAB800B0DA8}.Release|Any CPU.ActiveCfg = Release|Any CPU
		{094ABE50-4FB5-4CCF-801D-2FAB800B0DA8}.Release|Any CPU.Build.0 = Release|Any CPU
	EndGlobalSection
	GlobalSection(SolutionProperties) = preSolution
		HideSolutionNode = FALSE
	EndGlobalSection
	GlobalSection(ExtensibilityGlobals) = postSolution
		SolutionGuid = {9C1226B0-8A83-4F75-B444-1CDBE5297117}
	EndGlobalSection
EndGlobal
